
Microsoft Visual Studio Solution File, Format Version 12.00
# Visual Studio Version 17
VisualStudioVersion = 17.0.32126.317
MinimumVisualStudioVersion = 10.0.40219.1
Project("{FAE04EC0-301F-11D3-BF4B-00C04F79EFBC}") = "01_Basic_AspNetMvc", "01_Basic_AspNetMvc\01_Basic_AspNetMvc.csproj", "{99F55660-650F-4C93-8742-F0D8E3015E69}"
EndProject
Project("{FAE04EC0-301F-11D3-BF4B-00C04F79EFBC}") = "02_Modified_AspNetMvc", "02_Modified_AspNetMvc\02_Modified_AspNetMvc.csproj", "{5D3B8952-2055-4792-8997-2D040B67A8CF}"
EndProject
Global
	GlobalSection(SolutionConfigurationPlatforms) = preSolution
		Debug|Any CPU = Debug|Any CPU
		Release|Any CPU = Release|Any CPU
	EndGlobalSection
	GlobalSection(ProjectConfigurationPlatforms) = postSolution
		{99F55660-650F-4C93-8742-F0D8E3015E69}.Debug|Any CPU.ActiveCfg = Debug|Any CPU
		{99F55660-650F-4C93-8742-F0D8E3015E69}.Debug|Any CPU.Build.0 = Debug|Any CPU
		{99F55660-650F-4C93-8742-F0D8E3015E69}.Release|Any CPU.ActiveCfg = Release|Any CPU
		{99F55660-650F-4C93-8742-F0D8E3015E69}.Release|Any CPU.Build.0 = Release|Any CPU
		{5D3B8952-2055-4792-8997-2D040B67A8CF}.Debug|Any CPU.ActiveCfg = Debug|Any CPU
		{5D3B8952-2055-4792-8997-2D040B67A8CF}.Debug|Any CPU.Build.0 = Debug|Any CPU
		{5D3B8952-2055-4792-8997-2D040B67A8CF}.Release|Any CPU.ActiveCfg = Release|Any CPU
		{5D3B8952-2055-4792-8997-2D040B67A8CF}.Release|Any CPU.Build.0 = Release|Any CPU
	EndGlobalSection
	GlobalSection(SolutionProperties) = preSolution
		HideSolutionNode = FALSE
	EndGlobalSection
	GlobalSection(ExtensibilityGlobals) = postSolution
		SolutionGuid = {6A8F798F-60F2-4DE8-B266-7BDBBECA408A}
	EndGlobalSection
EndGlobal
